
Microsoft Visual Studio Solution File, Format Version 12.00
# Visual Studio Version 17
VisualStudioVersion = 17.8.34316.72
MinimumVisualStudioVersion = 10.0.40219.1
Project("{9A19103F-16F7-4668-BE54-9A1E7A4F7556}") = "FrameorkWA", "FrameorkWA\FrameorkWA.csproj", "{006EC755-8BD7-47E8-9EB6-1ABEC81AFA55}"
EndProject
Global
	GlobalSection(SolutionConfigurationPlatforms) = preSolution
		Debug|Any CPU = Debug|Any CPU
		Release|Any CPU = Release|Any CPU
	EndGlobalSection
	GlobalSection(ProjectConfigurationPlatforms) = postSolution
		{006EC755-8BD7-47E8-9EB6-1ABEC81AFA55}.Debug|Any CPU.ActiveCfg = Debug|Any CPU
		{006EC755-8BD7-47E8-9EB6-1ABEC81AFA55}.Debug|Any CPU.Build.0 = Debug|Any CPU
		{006EC755-8BD7-47E8-9EB6-1ABEC81AFA55}.Release|Any CPU.ActiveCfg = Release|Any CPU
		{006EC755-8BD7-47E8-9EB6-1ABEC81AFA55}.Release|Any CPU.Build.0 = Release|Any CPU
	EndGlobalSection
	GlobalSection(SolutionProperties) = preSolution
		HideSolutionNode = FALSE
	EndGlobalSection
	GlobalSection(ExtensibilityGlobals) = postSolution
		SolutionGuid = {3F0DA7D0-2D56-4A8B-A48F-ED3834EDD586}
	EndGlobalSection
EndGlobal
